
Microsoft Visual Studio Solution File, Format Version 12.00
# Visual Studio Version 17
VisualStudioVersion = 17.11.35303.130
MinimumVisualStudioVersion = 10.0.40219.1
Project("{2150E333-8FDC-42A3-9474-1A3956D46DE8}") = "Task0", "Task0", "{B06859CD-C38B-4781-B1CF-676D5E7CCE96}"
EndProject
Project("{FAE04EC0-301F-11D3-BF4B-00C04F79EFBC}") = "Tyuiu.GurzanVM.Sprint0.Task0.V0", "Tyuiu.GurzanVM.Sprint0.Task0.V0\Tyuiu.GurzanVM.Sprint0.Task0.V0.csproj", "{096EF8F1-8B77-4E4D-B991-51E0F3BC4AB8}"
EndProject
Project("{2150E333-8FDC-42A3-9474-1A3956D46DE8}") = "Task1", "Task1", "{07C9CF4C-9982-404C-852E-72426D9B8FBE}"
EndProject
Project("{FAE04EC0-301F-11D3-BF4B-00C04F79EFBC}") = "Tyuiu.GurzanVM.Sprint0.Task1.V0", "Tyuiu.GurzanVM.Sprint0.Task1.V0\Tyuiu.GurzanVM.Sprint0.Task1.V0.csproj", "{A85507C3-9055-4336-AC8E-48E8C8F432CE}"
EndProject
Project("{2150E333-8FDC-42A3-9474-1A3956D46DE8}") = "Task2", "Task2", "{A7CA6390-E7EA-46A6-A7E6-A8B9BC420893}"
EndProject
Project("{FAE04EC0-301F-11D3-BF4B-00C04F79EFBC}") = "Tyuiu.GurzanVM.Sprint0.Task2.V0", "Tyuiu.GurzanVM.Sprint0.Task2.V0\Tyuiu.GurzanVM.Sprint0.Task2.V0.csproj", "{33700C49-614F-45F3-9AB1-5E868319002B}"
EndProject
Project("{FAE04EC0-301F-11D3-BF4B-00C04F79EFBC}") = "Tyuiu.GurzanVM.Sprint0.Task2.V0.Lib", "Tyuiu.GurzanVM.Sprint0.Task2.V0.Lib\Tyuiu.GurzanVM.Sprint0.Task2.V0.Lib.csproj", "{AEE31C07-BC3F-4139-A1B6-E14EC7B202A6}"
EndProject
Project("{FAE04EC0-301F-11D3-BF4B-00C04F79EFBC}") = "Tyuiu.GurzanVM.Sprint0.Task2.V0.Test", "Tyuiu.GurzanVM.Sprint0.Task2.V0.Test\Tyuiu.GurzanVM.Sprint0.Task2.V0.Test.csproj", "{1C90EEA6-2C29-4054-B409-1FCB54790741}"
EndProject
Project("{2150E333-8FDC-42A3-9474-1A3956D46DE8}") = "Task3", "Task3", "{C841F49C-5CB3-4EA0-9CA8-69D77390F72F}"
EndProject
Project("{FAE04EC0-301F-11D3-BF4B-00C04F79EFBC}") = "Tyuiu.GurzanVM.Sprint0.Task3.V0", "Tyuiu.GurzaVM.Sprint0.Task3.V0\Tyuiu.GurzanVM.Sprint0.Task3.V0.csproj", "{38BB6D1C-9E0F-478D-B4F0-7C87F3E287E8}"
EndProject
Project("{FAE04EC0-301F-11D3-BF4B-00C04F79EFBC}") = "Tyuiu.GurzanVM.Sprint0.Task3.V0.Lib", "Tyuiu.GurzaVM.Sprint0.Task3.V0.Lib\Tyuiu.GurzanVM.Sprint0.Task3.V0.Lib.csproj", "{C879DE61-83CC-4F1D-8FF2-D5D0F8ABC5C9}"
EndProject
Project("{FAE04EC0-301F-11D3-BF4B-00C04F79EFBC}") = "Tyuiu.GurzanVM.Sprint0.Task3.V0.Test", "Tyuiu.GurzaVM.Sprint0.Task3.V0.Test\Tyuiu.GurzanVM.Sprint0.Task3.V0.Test.csproj", "{551E36E5-32B5-4E29-9B72-FC3292665CAC}"
EndProject
Project("{2150E333-8FDC-42A3-9474-1A3956D46DE8}") = "Task4", "Task4", "{185F8714-A04A-42F9-855F-7D1507C6361F}"
EndProject
Project("{FAE04EC0-301F-11D3-BF4B-00C04F79EFBC}") = "Tyuiu.GurzanVM.Sprint0.Task4.V0", "Tyuiu.GurzanVM.Sprint0.Task4.V0\Tyuiu.GurzanVM.Sprint0.Task4.V0.csproj", "{65FFABEA-D766-46A6-9C31-3A3C7BB451C9}"
EndProject
Project("{FAE04EC0-301F-11D3-BF4B-00C04F79EFBC}") = "Tyuiu.GurzanVM.Sprint0.Task4.V0.Lib", "Tyuiu.GurzanVM.Sprint0.Task4.V0.Lib\Tyuiu.GurzanVM.Sprint0.Task4.V0.Lib.csproj", "{B3FA24FE-2978-4288-B722-55685C18336B}"
EndProject
Project("{FAE04EC0-301F-11D3-BF4B-00C04F79EFBC}") = "Tyuiu.GurzanVM.Sprint0.Task4.V0.Test", "Tyuiu.GurzanVM.Sprint0.Task4.V0.Test\Tyuiu.GurzanVM.Sprint0.Task4.V0.Test.csproj", "{F38A4EEE-4B58-481E-99D9-0866B255CBBD}"
EndProject
Project("{2150E333-8FDC-42A3-9474-1A3956D46DE8}") = "Task5", "Task5", "{424E02CA-EE24-41CA-A589-CCC4130A2FAE}"
EndProject
Project("{FAE04EC0-301F-11D3-BF4B-00C04F79EFBC}") = "Tyuiu.GurzanVM.Sprint0.Task5.V0", "Tyuiu.GurzanVM.Sprint0.Task5.V0\Tyuiu.GurzanVM.Sprint0.Task5.V0.csproj", "{23FE003E-A929-4587-AB54-1C4FD41E06D7}"
EndProject
Project("{FAE04EC0-301F-11D3-BF4B-00C04F79EFBC}") = "Tyuiu.GurzanVM.Sprint0.Task5.V0.Lib", "Tyuiu.GurzanVM.Sprint0.Task5.V0.Lib\Tyuiu.GurzanVM.Sprint0.Task5.V0.Lib.csproj", "{81A96735-3CE3-4DDC-B24B-A03D59FA8B7C}"
EndProject
Project("{FAE04EC0-301F-11D3-BF4B-00C04F79EFBC}") = "Tyuiu.GurzanVM.Sprint0.Task5.V0.Test", "Tyuiu.GurzanVM.Sprint0.Task5.V0.Test\Tyuiu.GurzanVM.Sprint0.Task5.V0.Test.csproj", "{AE397E56-C02B-4896-9B4A-E8D5CCBC521D}"
EndProject
Project("{2150E333-8FDC-42A3-9474-1A3956D46DE8}") = "Task6", "Task6", "{B6A40057-0287-4B63-A3F5-D6CBE54ACDCC}"
EndProject
Project("{FAE04EC0-301F-11D3-BF4B-00C04F79EFBC}") = "Tyuiu.GurzanVM.Sprint0.Task6.V0.Lib", "Tyuiu.GurzanVM.Sprint0.Task6.V0.Lib\Tyuiu.GurzanVM.Sprint0.Task6.V0.Lib.csproj", "{3B3D32BE-8FDB-4B8C-A58F-2F8AA56A8455}"
EndProject
Project("{FAE04EC0-301F-11D3-BF4B-00C04F79EFBC}") = "Tyuiu.GurzanVM.Sprint0.Task6.V0.Test", "Tyuiu.GurzanVM.Sprint0.Task6.V0.Test\Tyuiu.GurzanVM.Sprint0.Task6.V0.Test.csproj", "{FA61E8B7-ED9F-4033-97F6-46EC1A274FC3}"
EndProject
Project("{FAE04EC0-301F-11D3-BF4B-00C04F79EFBC}") = "Tyuiu.GurzanVM.Sprint0.Task6.VO", "Tyuiu.GurzanVM.Sprint0.Task6.VO\Tyuiu.GurzanVM.Sprint0.Task6.VO.csproj", "{A3C234F4-9D1B-4A7D-B97D-19A6C873CF11}"
EndProject
Global
	GlobalSection(SolutionConfigurationPlatforms) = preSolution
		Debug|Any CPU = Debug|Any CPU
		Release|Any CPU = Release|Any CPU
	EndGlobalSection
	GlobalSection(ProjectConfigurationPlatforms) = postSolution
		{096EF8F1-8B77-4E4D-B991-51E0F3BC4AB8}.Debug|Any CPU.ActiveCfg = Debug|Any CPU
		{096EF8F1-8B77-4E4D-B991-51E0F3BC4AB8}.Debug|Any CPU.Build.0 = Debug|Any CPU
		{096EF8F1-8B77-4E4D-B991-51E0F3BC4AB8}.Release|Any CPU.ActiveCfg = Release|Any CPU
		{096EF8F1-8B77-4E4D-B991-51E0F3BC4AB8}.Release|Any CPU.Build.0 = Release|Any CPU
		{A85507C3-9055-4336-AC8E-48E8C8F432CE}.Debug|Any CPU.ActiveCfg = Debug|Any CPU
		{A85507C3-9055-4336-AC8E-48E8C8F432CE}.Debug|Any CPU.Build.0 = Debug|Any CPU
		{A85507C3-9055-4336-AC8E-48E8C8F432CE}.Release|Any CPU.ActiveCfg = Release|Any CPU
		{A85507C3-9055-4336-AC8E-48E8C8F432CE}.Release|Any CPU.Build.0 = Release|Any CPU
		{33700C49-614F-45F3-9AB1-5E868319002B}.Debug|Any CPU.ActiveCfg = Debug|Any CPU
		{33700C49-614F-45F3-9AB1-5E868319002B}.Debug|Any CPU.Build.0 = Debug|Any CPU
		{33700C49-614F-45F3-9AB1-5E868319002B}.Release|Any CPU.ActiveCfg = Release|Any CPU
		{33700C49-614F-45F3-9AB1-5E868319002B}.Release|Any CPU.Build.0 = Release|Any CPU
		{AEE31C07-BC3F-4139-A1B6-E14EC7B202A6}.Debug|Any CPU.ActiveCfg = Debug|Any CPU
		{AEE31C07-BC3F-4139-A1B6-E14EC7B202A6}.Debug|Any CPU.Build.0 = Debug|Any CPU
		{AEE31C07-BC3F-4139-A1B6-E14EC7B202A6}.Release|Any CPU.ActiveCfg = Release|Any CPU
		{AEE31C07-BC3F-4139-A1B6-E14EC7B202A6}.Release|Any CPU.Build.0 = Release|Any CPU
		{1C90EEA6-2C29-4054-B409-1FCB54790741}.Debug|Any CPU.ActiveCfg = Debug|Any CPU
		{1C90EEA6-2C29-4054-B409-1FCB54790741}.Debug|Any CPU.Build.0 = Debug|Any CPU
		{1C90EEA6-2C29-4054-B409-1FCB54790741}.Release|Any CPU.ActiveCfg = Release|Any CPU
		{1C90EEA6-2C29-4054-B409-1FCB54790741}.Release|Any CPU.Build.0 = Release|Any CPU
		{38BB6D1C-9E0F-478D-B4F0-7C87F3E287E8}.Debug|Any CPU.ActiveCfg = Debug|Any CPU
		{38BB6D1C-9E0F-478D-B4F0-7C87F3E287E8}.Debug|Any CPU.Build.0 = Debug|Any CPU
		{38BB6D1C-9E0F-478D-B4F0-7C87F3E287E8}.Release|Any CPU.ActiveCfg = Release|Any CPU
		{38BB6D1C-9E0F-478D-B4F0-7C87F3E287E8}.Release|Any CPU.Build.0 = Release|Any CPU
		{C879DE61-83CC-4F1D-8FF2-D5D0F8ABC5C9}.Debug|Any CPU.ActiveCfg = Debug|Any CPU
		{C879DE61-83CC-4F1D-8FF2-D5D0F8ABC5C9}.Debug|Any CPU.Build.0 = Debug|Any CPU
		{C879DE61-83CC-4F1D-8FF2-D5D0F8ABC5C9}.Release|Any CPU.ActiveCfg = Release|Any CPU
		{C879DE61-83CC-4F1D-8FF2-D5D0F8ABC5C9}.Release|Any CPU.Build.0 = Release|Any CPU
		{551E36E5-32B5-4E29-9B72-FC3292665CAC}.Debug|Any CPU.ActiveCfg = Debug|Any CPU
		{551E36E5-32B5-4E29-9B72-FC3292665CAC}.Debug|Any CPU.Build.0 = Debug|Any CPU
		{551E36E5-32B5-4E29-9B72-FC3292665CAC}.Release|Any CPU.ActiveCfg = Release|Any CPU
		{551E36E5-32B5-4E29-9B72-FC3292665CAC}.Release|Any CPU.Build.0 = Release|Any CPU
		{65FFABEA-D766-46A6-9C31-3A3C7BB451C9}.Debug|Any CPU.ActiveCfg = Debug|Any CPU
		{65FFABEA-D766-46A6-9C31-3A3C7BB451C9}.Debug|Any CPU.Build.0 = Debug|Any CPU
		{65FFABEA-D766-46A6-9C31-3A3C7BB451C9}.Release|Any CPU.ActiveCfg = Release|Any CPU
		{65FFABEA-D766-46A6-9C31-3A3C7BB451C9}.Release|Any CPU.Build.0 = Release|Any CPU
		{B3FA24FE-2978-4288-B722-55685C18336B}.Debug|Any CPU.ActiveCfg = Debug|Any CPU
		{B3FA24FE-2978-4288-B722-55685C18336B}.Debug|Any CPU.Build.0 = Debug|Any CPU
		{B3FA24FE-2978-4288-B722-55685C18336B}.Release|Any CPU.ActiveCfg = Release|Any CPU
		{B3FA24FE-2978-4288-B722-55685C18336B}.Release|Any CPU.Build.0 = Release|Any CPU
		{F38A4EEE-4B58-481E-99D9-0866B255CBBD}.Debug|Any CPU.ActiveCfg = Debug|Any CPU
		{F38A4EEE-4B58-481E-99D9-0866B255CBBD}.Debug|Any CPU.Build.0 = Debug|Any CPU
		{F38A4EEE-4B58-481E-99D9-0866B255CBBD}.Release|Any CPU.ActiveCfg = Release|Any CPU
		{F38A4EEE-4B58-481E-99D9-0866B255CBBD}.Release|Any CPU.Build.0 = Release|Any CPU
		{23FE003E-A929-4587-AB54-1C4FD41E06D7}.Debug|Any CPU.ActiveCfg = Debug|Any CPU
		{23FE003E-A929-4587-AB54-1C4FD41E06D7}.Debug|Any CPU.Build.0 = Debug|Any CPU
		{23FE003E-A929-4587-AB54-1C4FD41E06D7}.Release|Any CPU.ActiveCfg = Release|Any CPU
		{23FE003E-A929-4587-AB54-1C4FD41E06D7}.Release|Any CPU.Build.0 = Release|Any CPU
		{81A96735-3CE3-4DDC-B24B-A03D59FA8B7C}.Debug|Any CPU.ActiveCfg = Debug|Any CPU
		{81A96735-3CE3-4DDC-B24B-A03D59FA8B7C}.Debug|Any CPU.Build.0 = Debug|Any CPU
		{81A96735-3CE3-4DDC-B24B-A03D59FA8B7C}.Release|Any CPU.ActiveCfg = Release|Any CPU
		{81A96735-3CE3-4DDC-B24B-A03D59FA8B7C}.Release|Any CPU.Build.0 = Release|Any CPU
		{AE397E56-C02B-4896-9B4A-E8D5CCBC521D}.Debug|Any CPU.ActiveCfg = Debug|Any CPU
		{AE397E56-C02B-4896-9B4A-E8D5CCBC521D}.Debug|Any CPU.Build.0 = Debug|Any CPU
		{AE397E56-C02B-4896-9B4A-E8D5CCBC521D}.Release|Any CPU.ActiveCfg = Release|Any CPU
		{AE397E56-C02B-4896-9B4A-E8D5CCBC521D}.Release|Any CPU.Build.0 = Release|Any CPU
		{3B3D32BE-8FDB-4B8C-A58F-2F8AA56A8455}.Debug|Any CPU.ActiveCfg = Debug|Any CPU
		{3B3D32BE-8FDB-4B8C-A58F-2F8AA56A8455}.Debug|Any CPU.Build.0 = Debug|Any CPU
		{3B3D32BE-8FDB-4B8C-A58F-2F8AA56A8455}.Release|Any CPU.ActiveCfg = Release|Any CPU
		{3B3D32BE-8FDB-4B8C-A58F-2F8AA56A8455}.Release|Any CPU.Build.0 = Release|Any CPU
		{FA61E8B7-ED9F-4033-97F6-46EC1A274FC3}.Debug|Any CPU.ActiveCfg = Debug|Any CPU
		{FA61E8B7-ED9F-4033-97F6-46EC1A274FC3}.Debug|Any CPU.Build.0 = Debug|Any CPU
		{FA61E8B7-ED9F-4033-97F6-46EC1A274FC3}.Release|Any CPU.ActiveCfg = Release|Any CPU
		{FA61E8B7-ED9F-4033-97F6-46EC1A274FC3}.Release|Any CPU.Build.0 = Release|Any CPU
		{A3C234F4-9D1B-4A7D-B97D-19A6C873CF11}.Debug|Any CPU.ActiveCfg = Debug|Any CPU
		{A3C234F4-9D1B-4A7D-B97D-19A6C873CF11}.Debug|Any CPU.Build.0 = Debug|Any CPU
		{A3C234F4-9D1B-4A7D-B97D-19A6C873CF11}.Release|Any CPU.ActiveCfg = Release|Any CPU
		{A3C234F4-9D1B-4A7D-B97D-19A6C873CF11}.Release|Any CPU.Build.0 = Release|Any CPU
	EndGlobalSection
	GlobalSection(SolutionProperties) = preSolution
		HideSolutionNode = FALSE
	EndGlobalSection
	GlobalSection(NestedProjects) = preSolution
		{096EF8F1-8B77-4E4D-B991-51E0F3BC4AB8} = {B06859CD-C38B-4781-B1CF-676D5E7CCE96}
		{A85507C3-9055-4336-AC8E-48E8C8F432CE} = {07C9CF4C-9982-404C-852E-72426D9B8FBE}
		{33700C49-614F-45F3-9AB1-5E868319002B} = {A7CA6390-E7EA-46A6-A7E6-A8B9BC420893}
		{AEE31C07-BC3F-4139-A1B6-E14EC7B202A6} = {A7CA6390-E7EA-46A6-A7E6-A8B9BC420893}
		{1C90EEA6-2C29-4054-B409-1FCB54790741} = {A7CA6390-E7EA-46A6-A7E6-A8B9BC420893}
		{38BB6D1C-9E0F-478D-B4F0-7C87F3E287E8} = {C841F49C-5CB3-4EA0-9CA8-69D77390F72F}
		{C879DE61-83CC-4F1D-8FF2-D5D0F8ABC5C9} = {C841F49C-5CB3-4EA0-9CA8-69D77390F72F}
		{551E36E5-32B5-4E29-9B72-FC3292665CAC} = {C841F49C-5CB3-4EA0-9CA8-69D77390F72F}
		{65FFABEA-D766-46A6-9C31-3A3C7BB451C9} = {185F8714-A04A-42F9-855F-7D1507C6361F}
		{B3FA24FE-2978-4288-B722-55685C18336B} = {185F8714-A04A-42F9-855F-7D1507C6361F}
		{F38A4EEE-4B58-481E-99D9-0866B255CBBD} = {185F8714-A04A-42F9-855F-7D1507C6361F}
		{23FE003E-A929-4587-AB54-1C4FD41E06D7} = {424E02CA-EE24-41CA-A589-CCC4130A2FAE}
		{81A96735-3CE3-4DDC-B24B-A03D59FA8B7C} = {424E02CA-EE24-41CA-A589-CCC4130A2FAE}
		{AE397E56-C02B-4896-9B4A-E8D5CCBC521D} = {424E02CA-EE24-41CA-A589-CCC4130A2FAE}
		{3B3D32BE-8FDB-4B8C-A58F-2F8AA56A8455} = {B6A40057-0287-4B63-A3F5-D6CBE54ACDCC}
		{FA61E8B7-ED9F-4033-97F6-46EC1A274FC3} = {B6A40057-0287-4B63-A3F5-D6CBE54ACDCC}
		{A3C234F4-9D1B-4A7D-B97D-19A6C873CF11} = {B6A40057-0287-4B63-A3F5-D6CBE54ACDCC}
	EndGlobalSection
	GlobalSection(ExtensibilityGlobals) = postSolution
		SolutionGuid = {D2D3732B-2257-4C26-9923-A96FD47C8E0B}
	EndGlobalSection
EndGlobal
