
Microsoft Visual Studio Solution File, Format Version 12.00
# Visual Studio Version 17
VisualStudioVersion = 17.11.35303.130
MinimumVisualStudioVersion = 10.0.40219.1
Project("{2150E333-8FDC-42A3-9474-1A3956D46DE8}") = "Task0", "Task0", "{B06859CD-C38B-4781-B1CF-676D5E7CCE96}"
EndProject
Project("{FAE04EC0-301F-11D3-BF4B-00C04F79EFBC}") = "Tyuiu.GurzanVM.Sprint0.Task0.V0", "Tyuiu.GurzanVM.Sprint0.Task0.V0\Tyuiu.GurzanVM.Sprint0.Task0.V0.csproj", "{096EF8F1-8B77-4E4D-B991-51E0F3BC4AB8}"
EndProject
Project("{2150E333-8FDC-42A3-9474-1A3956D46DE8}") = "Task1", "Task1", "{07C9CF4C-9982-404C-852E-72426D9B8FBE}"
EndProject
Project("{FAE04EC0-301F-11D3-BF4B-00C04F79EFBC}") = "Tyuiu.GurzanVM.Sprint0.Task1.V0", "Tyuiu.GurzanVM.Sprint0.Task1.V0\Tyuiu.GurzanVM.Sprint0.Task1.V0.csproj", "{A85507C3-9055-4336-AC8E-48E8C8F432CE}"
EndProject
Global
	GlobalSection(SolutionConfigurationPlatforms) = preSolution
		Debug|Any CPU = Debug|Any CPU
		Release|Any CPU = Release|Any CPU
	EndGlobalSection
	GlobalSection(ProjectConfigurationPlatforms) = postSolution
		{096EF8F1-8B77-4E4D-B991-51E0F3BC4AB8}.Debug|Any CPU.ActiveCfg = Debug|Any CPU
		{096EF8F1-8B77-4E4D-B991-51E0F3BC4AB8}.Debug|Any CPU.Build.0 = Debug|Any CPU
		{096EF8F1-8B77-4E4D-B991-51E0F3BC4AB8}.Release|Any CPU.ActiveCfg = Release|Any CPU
		{096EF8F1-8B77-4E4D-B991-51E0F3BC4AB8}.Release|Any CPU.Build.0 = Release|Any CPU
		{A85507C3-9055-4336-AC8E-48E8C8F432CE}.Debug|Any CPU.ActiveCfg = Debug|Any CPU
		{A85507C3-9055-4336-AC8E-48E8C8F432CE}.Debug|Any CPU.Build.0 = Debug|Any CPU
		{A85507C3-9055-4336-AC8E-48E8C8F432CE}.Release|Any CPU.ActiveCfg = Release|Any CPU
		{A85507C3-9055-4336-AC8E-48E8C8F432CE}.Release|Any CPU.Build.0 = Release|Any CPU
	EndGlobalSection
	GlobalSection(SolutionProperties) = preSolution
		HideSolutionNode = FALSE
	EndGlobalSection
	GlobalSection(NestedProjects) = preSolution
		{096EF8F1-8B77-4E4D-B991-51E0F3BC4AB8} = {B06859CD-C38B-4781-B1CF-676D5E7CCE96}
		{A85507C3-9055-4336-AC8E-48E8C8F432CE} = {07C9CF4C-9982-404C-852E-72426D9B8FBE}
	EndGlobalSection
	GlobalSection(ExtensibilityGlobals) = postSolution
		SolutionGuid = {D2D3732B-2257-4C26-9923-A96FD47C8E0B}
	EndGlobalSection
EndGlobal
